# This file is automatically @generated by Cargo.
# It is not intended for manual editing.
[[package]]
name = "cetkaik_core"
version = "0.2.1"
source = "registry+https://github.com/rust-lang/crates.io-index"
checksum = "3940d2756bb246bdc42a21b158d05848be2db84d3739bbc51da88f591b379bb6"
dependencies = [
 "maplit",
]

[[package]]
name = "cetkaik_yhuap_move_candidates"
version = "0.1.3"
dependencies = [
 "cetkaik_core",
]

[[package]]
name = "maplit"
version = "1.0.2"
source = "registry+https://github.com/rust-lang/crates.io-index"
checksum = "3e2e65a1a2e43cfcb47a895c4c8b10d1f4a61097f9f254f183aee60cad9c651d"
