# This file is automatically @generated by Cargo.
# It is not intended for manual editing.
[[package]]
name = "cetkaik_core"
version = "0.1.11"
source = "registry+https://github.com/rust-lang/crates.io-index"
checksum = "8f4746ef194b8397a4fa6a3032a5db7ec64d335df547dd1a2ed1ee58f3a2da1d"

[[package]]
name = "cetkaik_yhuap_move_candidates"
version = "0.1.0"
dependencies = [
 "cetkaik_core",
]
